// !$*UTF8*$!
{
	archiveVersion = 1;
	classes = {
	};
	objectVersion = 55;
	objects = {

/* Begin PBXBuildFile section */
		3B633960935B542AEE8F85AC /* Pods_ShoppingApp_ShoppingAppUITests.framework in Frameworks */ = {isa = PBXBuildFile; fileRef = 09EB3A8F6E3041716E962885 /* Pods_ShoppingApp_ShoppingAppUITests.framework */; };
		49A14B7502C5E09B4F78E08D /* Pods_ShoppingApp.framework in Frameworks */ = {isa = PBXBuildFile; fileRef = 8DDA8C7B5D7270399CEB7BDF /* Pods_ShoppingApp.framework */; };
		810F5532EEDC62E644FC8C23 /* Pods_ShoppingAppTests.framework in Frameworks */ = {isa = PBXBuildFile; fileRef = 0544D879F118F9F80B233B75 /* Pods_ShoppingAppTests.framework */; };
		CC519FE1285F8A1800AB8F8E /* AppDelegate.swift in Sources */ = {isa = PBXBuildFile; fileRef = CC519FE0285F8A1800AB8F8E /* AppDelegate.swift */; };
		CC519FE3285F8A1800AB8F8E /* SceneDelegate.swift in Sources */ = {isa = PBXBuildFile; fileRef = CC519FE2285F8A1800AB8F8E /* SceneDelegate.swift */; };
		CC519FE5285F8A1800AB8F8E /* ViewController.swift in Sources */ = {isa = PBXBuildFile; fileRef = CC519FE4285F8A1800AB8F8E /* ViewController.swift */; };
		CC519FEA285F8A1A00AB8F8E /* Assets.xcassets in Resources */ = {isa = PBXBuildFile; fileRef = CC519FE9285F8A1A00AB8F8E /* Assets.xcassets */; };
		CC519FED285F8A1A00AB8F8E /* LaunchScreen.storyboard in Resources */ = {isa = PBXBuildFile; fileRef = CC519FEB285F8A1A00AB8F8E /* LaunchScreen.storyboard */; };
		CC519FF8285F8A1A00AB8F8E /* ShoppingAppTests.swift in Sources */ = {isa = PBXBuildFile; fileRef = CC519FF7285F8A1A00AB8F8E /* ShoppingAppTests.swift */; };
		CC51A002285F8A1A00AB8F8E /* ShoppingAppUITests.swift in Sources */ = {isa = PBXBuildFile; fileRef = CC51A001285F8A1A00AB8F8E /* ShoppingAppUITests.swift */; };
		CC51A004285F8A1A00AB8F8E /* ShoppingAppUITestsLaunchTests.swift in Sources */ = {isa = PBXBuildFile; fileRef = CC51A003285F8A1A00AB8F8E /* ShoppingAppUITestsLaunchTests.swift */; };
		CC51A011285F8A4D00AB8F8E /* Model.swift in Sources */ = {isa = PBXBuildFile; fileRef = CC51A010285F8A4D00AB8F8E /* Model.swift */; };
		CC51A01E285F8A5800AB8F8E /* ProductsCollectionViewCell.swift in Sources */ = {isa = PBXBuildFile; fileRef = CC51A014285F8A5800AB8F8E /* ProductsCollectionViewCell.swift */; };
		CC51A020285F8A5800AB8F8E /* CategoryCell.swift in Sources */ = {isa = PBXBuildFile; fileRef = CC51A017285F8A5800AB8F8E /* CategoryCell.swift */; };
		CC51A022285F8A5800AB8F8E /* HomeViewController.swift in Sources */ = {isa = PBXBuildFile; fileRef = CC51A019285F8A5800AB8F8E /* HomeViewController.swift */; };
		CC51A023285F8A5800AB8F8E /* BannerCollectionViewCell.swift in Sources */ = {isa = PBXBuildFile; fileRef = CC51A01B285F8A5800AB8F8E /* BannerCollectionViewCell.swift */; };
		CC51A028285F8A6600AB8F8E /* HomeViewModel.swift in Sources */ = {isa = PBXBuildFile; fileRef = CC51A027285F8A6600AB8F8E /* HomeViewModel.swift */; };
		CC51A02A285F8A7700AB8F8E /* FDErrror.swift in Sources */ = {isa = PBXBuildFile; fileRef = CC51A029285F8A7700AB8F8E /* FDErrror.swift */; };
		CC51A02C285F8A8B00AB8F8E /* NetworkManager.swift in Sources */ = {isa = PBXBuildFile; fileRef = CC51A02B285F8A8B00AB8F8E /* NetworkManager.swift */; };
		CC51A02E285F8A9300AB8F8E /* APIRouter.swift in Sources */ = {isa = PBXBuildFile; fileRef = CC51A02D285F8A9300AB8F8E /* APIRouter.swift */; };
		CC51A030285F8A9A00AB8F8E /* Reachability.swift in Sources */ = {isa = PBXBuildFile; fileRef = CC51A02F285F8A9A00AB8F8E /* Reachability.swift */; };
		CC51A032285F8A9F00AB8F8E /* HomeAPIRouter.swift in Sources */ = {isa = PBXBuildFile; fileRef = CC51A031285F8A9F00AB8F8E /* HomeAPIRouter.swift */; };
		CC51A034285F8AC300AB8F8E /* Main.storyboard in Resources */ = {isa = PBXBuildFile; fileRef = CC51A033285F8AC300AB8F8E /* Main.storyboard */; };
		CC51A036285F8C8900AB8F8E /* UserValues.swift in Sources */ = {isa = PBXBuildFile; fileRef = CC51A035285F8C8900AB8F8E /* UserValues.swift */; };
/* End PBXBuildFile section */

/* Begin PBXContainerItemProxy section */
		CC519FF4285F8A1A00AB8F8E /* PBXContainerItemProxy */ = {
			isa = PBXContainerItemProxy;
			containerPortal = CC519FD5285F8A1800AB8F8E /* Project object */;
			proxyType = 1;
			remoteGlobalIDString = CC519FDC285F8A1800AB8F8E;
			remoteInfo = ShoppingApp;
		};
		CC519FFE285F8A1A00AB8F8E /* PBXContainerItemProxy */ = {
			isa = PBXContainerItemProxy;
			containerPortal = CC519FD5285F8A1800AB8F8E /* Project object */;
			proxyType = 1;
			remoteGlobalIDString = CC519FDC285F8A1800AB8F8E;
			remoteInfo = ShoppingApp;
		};
/* End PBXContainerItemProxy section */

/* Begin PBXFileReference section */
		0544D879F118F9F80B233B75 /* Pods_ShoppingAppTests.framework */ = {isa = PBXFileReference; explicitFileType = wrapper.framework; includeInIndex = 0; path = Pods_ShoppingAppTests.framework; sourceTree = BUILT_PRODUCTS_DIR; };
		09EB3A8F6E3041716E962885 /* Pods_ShoppingApp_ShoppingAppUITests.framework */ = {isa = PBXFileReference; explicitFileType = wrapper.framework; includeInIndex = 0; path = Pods_ShoppingApp_ShoppingAppUITests.framework; sourceTree = BUILT_PRODUCTS_DIR; };
		0E7470601C90CB58A097E7CD /* Pods-ShoppingAppTests.debug.xcconfig */ = {isa = PBXFileReference; includeInIndex = 1; lastKnownFileType = text.xcconfig; name = "Pods-ShoppingAppTests.debug.xcconfig"; path = "Target Support Files/Pods-ShoppingAppTests/Pods-ShoppingAppTests.debug.xcconfig"; sourceTree = "<group>"; };
		816EFEE45F146F7EACA50B1D /* Pods-ShoppingApp-ShoppingAppUITests.release.xcconfig */ = {isa = PBXFileReference; includeInIndex = 1; lastKnownFileType = text.xcconfig; name = "Pods-ShoppingApp-ShoppingAppUITests.release.xcconfig"; path = "Target Support Files/Pods-ShoppingApp-ShoppingAppUITests/Pods-ShoppingApp-ShoppingAppUITests.release.xcconfig"; sourceTree = "<group>"; };
		8DDA8C7B5D7270399CEB7BDF /* Pods_ShoppingApp.framework */ = {isa = PBXFileReference; explicitFileType = wrapper.framework; includeInIndex = 0; path = Pods_ShoppingApp.framework; sourceTree = BUILT_PRODUCTS_DIR; };
		B57F6BB6E7B203925AE2ED67 /* Pods-ShoppingApp.release.xcconfig */ = {isa = PBXFileReference; includeInIndex = 1; lastKnownFileType = text.xcconfig; name = "Pods-ShoppingApp.release.xcconfig"; path = "Target Support Files/Pods-ShoppingApp/Pods-ShoppingApp.release.xcconfig"; sourceTree = "<group>"; };
		BC7074E64A60C3F1BF06165B /* Pods-ShoppingApp-ShoppingAppUITests.debug.xcconfig */ = {isa = PBXFileReference; includeInIndex = 1; lastKnownFileType = text.xcconfig; name = "Pods-ShoppingApp-ShoppingAppUITests.debug.xcconfig"; path = "Target Support Files/Pods-ShoppingApp-ShoppingAppUITests/Pods-ShoppingApp-ShoppingAppUITests.debug.xcconfig"; sourceTree = "<group>"; };
		CC519FDD285F8A1800AB8F8E /* ShoppingApp.app */ = {isa = PBXFileReference; explicitFileType = wrapper.application; includeInIndex = 0; path = ShoppingApp.app; sourceTree = BUILT_PRODUCTS_DIR; };
		CC519FE0285F8A1800AB8F8E /* AppDelegate.swift */ = {isa = PBXFileReference; lastKnownFileType = sourcecode.swift; path = AppDelegate.swift; sourceTree = "<group>"; };
		CC519FE2285F8A1800AB8F8E /* SceneDelegate.swift */ = {isa = PBXFileReference; lastKnownFileType = sourcecode.swift; path = SceneDelegate.swift; sourceTree = "<group>"; };
		CC519FE4285F8A1800AB8F8E /* ViewController.swift */ = {isa = PBXFileReference; lastKnownFileType = sourcecode.swift; path = ViewController.swift; sourceTree = "<group>"; };
		CC519FE9285F8A1A00AB8F8E /* Assets.xcassets */ = {isa = PBXFileReference; lastKnownFileType = folder.assetcatalog; path = Assets.xcassets; sourceTree = "<group>"; };
		CC519FEC285F8A1A00AB8F8E /* Base */ = {isa = PBXFileReference; lastKnownFileType = file.storyboard; name = Base; path = Base.lproj/LaunchScreen.storyboard; sourceTree = "<group>"; };
		CC519FEE285F8A1A00AB8F8E /* Info.plist */ = {isa = PBXFileReference; lastKnownFileType = text.plist.xml; path = Info.plist; sourceTree = "<group>"; };
		CC519FF3285F8A1A00AB8F8E /* ShoppingAppTests.xctest */ = {isa = PBXFileReference; explicitFileType = wrapper.cfbundle; includeInIndex = 0; path = ShoppingAppTests.xctest; sourceTree = BUILT_PRODUCTS_DIR; };
		CC519FF7285F8A1A00AB8F8E /* ShoppingAppTests.swift */ = {isa = PBXFileReference; lastKnownFileType = sourcecode.swift; path = ShoppingAppTests.swift; sourceTree = "<group>"; };
		CC519FFD285F8A1A00AB8F8E /* ShoppingAppUITests.xctest */ = {isa = PBXFileReference; explicitFileType = wrapper.cfbundle; includeInIndex = 0; path = ShoppingAppUITests.xctest; sourceTree = BUILT_PRODUCTS_DIR; };
		CC51A001285F8A1A00AB8F8E /* ShoppingAppUITests.swift */ = {isa = PBXFileReference; lastKnownFileType = sourcecode.swift; path = ShoppingAppUITests.swift; sourceTree = "<group>"; };
		CC51A003285F8A1A00AB8F8E /* ShoppingAppUITestsLaunchTests.swift */ = {isa = PBXFileReference; lastKnownFileType = sourcecode.swift; path = ShoppingAppUITestsLaunchTests.swift; sourceTree = "<group>"; };
		CC51A010285F8A4D00AB8F8E /* Model.swift */ = {isa = PBXFileReference; fileEncoding = 4; lastKnownFileType = sourcecode.swift; path = Model.swift; sourceTree = "<group>"; };
		CC51A014285F8A5800AB8F8E /* ProductsCollectionViewCell.swift */ = {isa = PBXFileReference; fileEncoding = 4; lastKnownFileType = sourcecode.swift; path = ProductsCollectionViewCell.swift; sourceTree = "<group>"; };
		CC51A017285F8A5800AB8F8E /* CategoryCell.swift */ = {isa = PBXFileReference; fileEncoding = 4; lastKnownFileType = sourcecode.swift; path = CategoryCell.swift; sourceTree = "<group>"; };
		CC51A019285F8A5800AB8F8E /* HomeViewController.swift */ = {isa = PBXFileReference; fileEncoding = 4; lastKnownFileType = sourcecode.swift; path = HomeViewController.swift; sourceTree = "<group>"; };
		CC51A01B285F8A5800AB8F8E /* BannerCollectionViewCell.swift */ = {isa = PBXFileReference; fileEncoding = 4; lastKnownFileType = sourcecode.swift; path = BannerCollectionViewCell.swift; sourceTree = "<group>"; };
		CC51A027285F8A6600AB8F8E /* HomeViewModel.swift */ = {isa = PBXFileReference; fileEncoding = 4; lastKnownFileType = sourcecode.swift; path = HomeViewModel.swift; sourceTree = "<group>"; };
		CC51A029285F8A7700AB8F8E /* FDErrror.swift */ = {isa = PBXFileReference; fileEncoding = 4; lastKnownFileType = sourcecode.swift; path = FDErrror.swift; sourceTree = "<group>"; };
		CC51A02B285F8A8B00AB8F8E /* NetworkManager.swift */ = {isa = PBXFileReference; fileEncoding = 4; lastKnownFileType = sourcecode.swift; path = NetworkManager.swift; sourceTree = "<group>"; };
		CC51A02D285F8A9300AB8F8E /* APIRouter.swift */ = {isa = PBXFileReference; fileEncoding = 4; lastKnownFileType = sourcecode.swift; path = APIRouter.swift; sourceTree = "<group>"; };
		CC51A02F285F8A9A00AB8F8E /* Reachability.swift */ = {isa = PBXFileReference; fileEncoding = 4; lastKnownFileType = sourcecode.swift; path = Reachability.swift; sourceTree = "<group>"; };
		CC51A031285F8A9F00AB8F8E /* HomeAPIRouter.swift */ = {isa = PBXFileReference; fileEncoding = 4; lastKnownFileType = sourcecode.swift; path = HomeAPIRouter.swift; sourceTree = "<group>"; };
		CC51A033285F8AC300AB8F8E /* Main.storyboard */ = {isa = PBXFileReference; fileEncoding = 4; lastKnownFileType = file.storyboard; path = Main.storyboard; sourceTree = "<group>"; };
		CC51A035285F8C8900AB8F8E /* UserValues.swift */ = {isa = PBXFileReference; fileEncoding = 4; lastKnownFileType = sourcecode.swift; path = UserValues.swift; sourceTree = "<group>"; };
		F0C6738F179A7F8571427B8D /* Pods-ShoppingApp.debug.xcconfig */ = {isa = PBXFileReference; includeInIndex = 1; lastKnownFileType = text.xcconfig; name = "Pods-ShoppingApp.debug.xcconfig"; path = "Target Support Files/Pods-ShoppingApp/Pods-ShoppingApp.debug.xcconfig"; sourceTree = "<group>"; };
		F1E18BC46230C20E935CC399 /* Pods-ShoppingAppTests.release.xcconfig */ = {isa = PBXFileReference; includeInIndex = 1; lastKnownFileType = text.xcconfig; name = "Pods-ShoppingAppTests.release.xcconfig"; path = "Target Support Files/Pods-ShoppingAppTests/Pods-ShoppingAppTests.release.xcconfig"; sourceTree = "<group>"; };
/* End PBXFileReference section */

/* Begin PBXFrameworksBuildPhase section */
		CC519FDA285F8A1800AB8F8E /* Frameworks */ = {
			isa = PBXFrameworksBuildPhase;
			buildActionMask = 2147483647;
			files = (
				49A14B7502C5E09B4F78E08D /* Pods_ShoppingApp.framework in Frameworks */,
			);
			runOnlyForDeploymentPostprocessing = 0;
		};
		CC519FF0285F8A1A00AB8F8E /* Frameworks */ = {
			isa = PBXFrameworksBuildPhase;
			buildActionMask = 2147483647;
			files = (
				810F5532EEDC62E644FC8C23 /* Pods_ShoppingAppTests.framework in Frameworks */,
			);
			runOnlyForDeploymentPostprocessing = 0;
		};
		CC519FFA285F8A1A00AB8F8E /* Frameworks */ = {
			isa = PBXFrameworksBuildPhase;
			buildActionMask = 2147483647;
			files = (
				3B633960935B542AEE8F85AC /* Pods_ShoppingApp_ShoppingAppUITests.framework in Frameworks */,
			);
			runOnlyForDeploymentPostprocessing = 0;
		};
/* End PBXFrameworksBuildPhase section */

/* Begin PBXGroup section */
		0DA9E6FEE650B0C2C9D3CB19 /* Pods */ = {
			isa = PBXGroup;
			children = (
				F0C6738F179A7F8571427B8D /* Pods-ShoppingApp.debug.xcconfig */,
				B57F6BB6E7B203925AE2ED67 /* Pods-ShoppingApp.release.xcconfig */,
				BC7074E64A60C3F1BF06165B /* Pods-ShoppingApp-ShoppingAppUITests.debug.xcconfig */,
				816EFEE45F146F7EACA50B1D /* Pods-ShoppingApp-ShoppingAppUITests.release.xcconfig */,
				0E7470601C90CB58A097E7CD /* Pods-ShoppingAppTests.debug.xcconfig */,
				F1E18BC46230C20E935CC399 /* Pods-ShoppingAppTests.release.xcconfig */,
			);
			path = Pods;
			sourceTree = "<group>";
		};
		C00BEA1C168D970317E35579 /* Frameworks */ = {
			isa = PBXGroup;
			children = (
				8DDA8C7B5D7270399CEB7BDF /* Pods_ShoppingApp.framework */,
				09EB3A8F6E3041716E962885 /* Pods_ShoppingApp_ShoppingAppUITests.framework */,
				0544D879F118F9F80B233B75 /* Pods_ShoppingAppTests.framework */,
			);
			name = Frameworks;
			sourceTree = "<group>";
		};
		CC519FD4285F8A1800AB8F8E = {
			isa = PBXGroup;
			children = (
				CC519FDF285F8A1800AB8F8E /* ShoppingApp */,
				CC519FF6285F8A1A00AB8F8E /* ShoppingAppTests */,
				CC51A000285F8A1A00AB8F8E /* ShoppingAppUITests */,
				CC519FDE285F8A1800AB8F8E /* Products */,
				0DA9E6FEE650B0C2C9D3CB19 /* Pods */,
				C00BEA1C168D970317E35579 /* Frameworks */,
			);
			sourceTree = "<group>";
		};
		CC519FDE285F8A1800AB8F8E /* Products */ = {
			isa = PBXGroup;
			children = (
				CC519FDD285F8A1800AB8F8E /* ShoppingApp.app */,
				CC519FF3285F8A1A00AB8F8E /* ShoppingAppTests.xctest */,
				CC519FFD285F8A1A00AB8F8E /* ShoppingAppUITests.xctest */,
			);
			name = Products;
			sourceTree = "<group>";
		};
		CC519FDF285F8A1800AB8F8E /* ShoppingApp */ = {
			isa = PBXGroup;
			children = (
				CC519FE0285F8A1800AB8F8E /* AppDelegate.swift */,
				CC519FE2285F8A1800AB8F8E /* SceneDelegate.swift */,
				CC519FE4285F8A1800AB8F8E /* ViewController.swift */,
				CC519FE9285F8A1A00AB8F8E /* Assets.xcassets */,
				CC51A033285F8AC300AB8F8E /* Main.storyboard */,
				CC519FEB285F8A1A00AB8F8E /* LaunchScreen.storyboard */,
				CC51A010285F8A4D00AB8F8E /* Model.swift */,
				CC51A012285F8A5800AB8F8E /* View */,
				CC51A026285F8A6600AB8F8E /* View  Model */,
				CC51A029285F8A7700AB8F8E /* FDErrror.swift */,
				CC51A031285F8A9F00AB8F8E /* HomeAPIRouter.swift */,
				CC51A02F285F8A9A00AB8F8E /* Reachability.swift */,
				CC51A02D285F8A9300AB8F8E /* APIRouter.swift */,
				CC51A035285F8C8900AB8F8E /* UserValues.swift */,
				CC51A02B285F8A8B00AB8F8E /* NetworkManager.swift */,
				CC519FEE285F8A1A00AB8F8E /* Info.plist */,
			);
			path = ShoppingApp;
			sourceTree = "<group>";
		};
		CC519FF6285F8A1A00AB8F8E /* ShoppingAppTests */ = {
			isa = PBXGroup;
			children = (
				CC519FF7285F8A1A00AB8F8E /* ShoppingAppTests.swift */,
			);
			path = ShoppingAppTests;
			sourceTree = "<group>";
		};
		CC51A000285F8A1A00AB8F8E /* ShoppingAppUITests */ = {
			isa = PBXGroup;
			children = (
				CC51A001285F8A1A00AB8F8E /* ShoppingAppUITests.swift */,
				CC51A003285F8A1A00AB8F8E /* ShoppingAppUITestsLaunchTests.swift */,
			);
			path = ShoppingAppUITests;
			sourceTree = "<group>";
		};
		CC51A012285F8A5800AB8F8E /* View */ = {
			isa = PBXGroup;
			children = (
				CC51A019285F8A5800AB8F8E /* HomeViewController.swift */,
				CC51A016285F8A5800AB8F8E /* Category */,
				CC51A01A285F8A5800AB8F8E /* Banner */,
				CC51A013285F8A5800AB8F8E /* Products */,
			);
			path = View;
			sourceTree = "<group>";
		};
		CC51A013285F8A5800AB8F8E /* Products */ = {
			isa = PBXGroup;
			children = (
				CC51A014285F8A5800AB8F8E /* ProductsCollectionViewCell.swift */,
			);
			path = Products;
			sourceTree = "<group>";
		};
		CC51A016285F8A5800AB8F8E /* Category */ = {
			isa = PBXGroup;
			children = (
				CC51A017285F8A5800AB8F8E /* CategoryCell.swift */,
			);
			path = Category;
			sourceTree = "<group>";
		};
		CC51A01A285F8A5800AB8F8E /* Banner */ = {
			isa = PBXGroup;
			children = (
				CC51A01B285F8A5800AB8F8E /* BannerCollectionViewCell.swift */,
			);
			path = Banner;
			sourceTree = "<group>";
		};
		CC51A026285F8A6600AB8F8E /* View  Model */ = {
			isa = PBXGroup;
			children = (
				CC51A027285F8A6600AB8F8E /* HomeViewModel.swift */,
			);
			path = "View  Model";
			sourceTree = "<group>";
		};
/* End PBXGroup section */

/* Begin PBXNativeTarget section */
		CC519FDC285F8A1800AB8F8E /* ShoppingApp */ = {
			isa = PBXNativeTarget;
			buildConfigurationList = CC51A007285F8A1A00AB8F8E /* Build configuration list for PBXNativeTarget "ShoppingApp" */;
			buildPhases = (
				3B7F3704851C71BFCE2B6D61 /* [CP] Check Pods Manifest.lock */,
				CC519FD9285F8A1800AB8F8E /* Sources */,
				CC519FDA285F8A1800AB8F8E /* Frameworks */,
				CC519FDB285F8A1800AB8F8E /* Resources */,
				AC8A241A5BB0438E92D503AE /* [CP] Embed Pods Frameworks */,
			);
			buildRules = (
			);
			dependencies = (
			);
			name = ShoppingApp;
			productName = ShoppingApp;
			productReference = CC519FDD285F8A1800AB8F8E /* ShoppingApp.app */;
			productType = "com.apple.product-type.application";
		};
		CC519FF2285F8A1A00AB8F8E /* ShoppingAppTests */ = {
			isa = PBXNativeTarget;
			buildConfigurationList = CC51A00A285F8A1A00AB8F8E /* Build configuration list for PBXNativeTarget "ShoppingAppTests" */;
			buildPhases = (
				2BE1C3AA052AA12A3BCEE9D5 /* [CP] Check Pods Manifest.lock */,
				CC519FEF285F8A1A00AB8F8E /* Sources */,
				CC519FF0285F8A1A00AB8F8E /* Frameworks */,
				CC519FF1285F8A1A00AB8F8E /* Resources */,
			);
			buildRules = (
			);
			dependencies = (
				CC519FF5285F8A1A00AB8F8E /* PBXTargetDependency */,
			);
			name = ShoppingAppTests;
			productName = ShoppingAppTests;
			productReference = CC519FF3285F8A1A00AB8F8E /* ShoppingAppTests.xctest */;
			productType = "com.apple.product-type.bundle.unit-test";
		};
		CC519FFC285F8A1A00AB8F8E /* ShoppingAppUITests */ = {
			isa = PBXNativeTarget;
			buildConfigurationList = CC51A00D285F8A1A00AB8F8E /* Build configuration list for PBXNativeTarget "ShoppingAppUITests" */;
			buildPhases = (
				9BE275EC2C0FD21328651273 /* [CP] Check Pods Manifest.lock */,
				CC519FF9285F8A1A00AB8F8E /* Sources */,
				CC519FFA285F8A1A00AB8F8E /* Frameworks */,
				CC519FFB285F8A1A00AB8F8E /* Resources */,
				30F20669CC6FDA97C70E9A42 /* [CP] Embed Pods Frameworks */,
			);
			buildRules = (
			);
			dependencies = (
				CC519FFF285F8A1A00AB8F8E /* PBXTargetDependency */,
			);
			name = ShoppingAppUITests;
			productName = ShoppingAppUITests;
			productReference = CC519FFD285F8A1A00AB8F8E /* ShoppingAppUITests.xctest */;
			productType = "com.apple.product-type.bundle.ui-testing";
		};
/* End PBXNativeTarget section */

/* Begin PBXProject section */
		CC519FD5285F8A1800AB8F8E /* Project object */ = {
			isa = PBXProject;
			attributes = {
				BuildIndependentTargetsInParallel = 1;
				LastSwiftUpdateCheck = 1330;
				LastUpgradeCheck = 1330;
				TargetAttributes = {
					CC519FDC285F8A1800AB8F8E = {
						CreatedOnToolsVersion = 13.3.1;
					};
					CC519FF2285F8A1A00AB8F8E = {
						CreatedOnToolsVersion = 13.3.1;
						TestTargetID = CC519FDC285F8A1800AB8F8E;
					};
					CC519FFC285F8A1A00AB8F8E = {
						CreatedOnToolsVersion = 13.3.1;
						TestTargetID = CC519FDC285F8A1800AB8F8E;
					};
				};
			};
			buildConfigurationList = CC519FD8285F8A1800AB8F8E /* Build configuration list for PBXProject "ShoppingApp" */;
			compatibilityVersion = "Xcode 13.0";
			developmentRegion = en;
			hasScannedForEncodings = 0;
			knownRegions = (
				en,
				Base,
			);
			mainGroup = CC519FD4285F8A1800AB8F8E;
			productRefGroup = CC519FDE285F8A1800AB8F8E /* Products */;
			projectDirPath = "";
			projectRoot = "";
			targets = (
				CC519FDC285F8A1800AB8F8E /* ShoppingApp */,
				CC519FF2285F8A1A00AB8F8E /* ShoppingAppTests */,
				CC519FFC285F8A1A00AB8F8E /* ShoppingAppUITests */,
			);
		};
/* End PBXProject section */

/* Begin PBXResourcesBuildPhase section */
		CC519FDB285F8A1800AB8F8E /* Resources */ = {
			isa = PBXResourcesBuildPhase;
			buildActionMask = 2147483647;
			files = (
				CC519FED285F8A1A00AB8F8E /* LaunchScreen.storyboard in Resources */,
				CC51A034285F8AC300AB8F8E /* Main.storyboard in Resources */,
				CC519FEA285F8A1A00AB8F8E /* Assets.xcassets in Resources */,
			);
			runOnlyForDeploymentPostprocessing = 0;
		};
		CC519FF1285F8A1A00AB8F8E /* Resources */ = {
			isa = PBXResourcesBuildPhase;
			buildActionMask = 2147483647;
			files = (
			);
			runOnlyForDeploymentPostprocessing = 0;
		};
		CC519FFB285F8A1A00AB8F8E /* Resources */ = {
			isa = PBXResourcesBuildPhase;
			buildActionMask = 2147483647;
			files = (
			);
			runOnlyForDeploymentPostprocessing = 0;
		};
/* End PBXResourcesBuildPhase section */

/* Begin PBXShellScriptBuildPhase section */
		2BE1C3AA052AA12A3BCEE9D5 /* [CP] Check Pods Manifest.lock */ = {
			isa = PBXShellScriptBuildPhase;
			buildActionMask = 2147483647;
			files = (
			);
			inputFileListPaths = (
			);
			inputPaths = (
				"${PODS_PODFILE_DIR_PATH}/Podfile.lock",
				"${PODS_ROOT}/Manifest.lock",
			);
			name = "[CP] Check Pods Manifest.lock";
			outputFileListPaths = (
			);
			outputPaths = (
				"$(DERIVED_FILE_DIR)/Pods-ShoppingAppTests-checkManifestLockResult.txt",
			);
			runOnlyForDeploymentPostprocessing = 0;
			shellPath = /bin/sh;
			shellScript = "diff \"${PODS_PODFILE_DIR_PATH}/Podfile.lock\" \"${PODS_ROOT}/Manifest.lock\" > /dev/null\nif [ $? != 0 ] ; then\n    # print error to STDERR\n    echo \"error: The sandbox is not in sync with the Podfile.lock. Run 'pod install' or update your CocoaPods installation.\" >&2\n    exit 1\nfi\n# This output is used by Xcode 'outputs' to avoid re-running this script phase.\necho \"SUCCESS\" > \"${SCRIPT_OUTPUT_FILE_0}\"\n";
			showEnvVarsInLog = 0;
		};
		30F20669CC6FDA97C70E9A42 /* [CP] Embed Pods Frameworks */ = {
			isa = PBXShellScriptBuildPhase;
			buildActionMask = 2147483647;
			files = (
			);
			inputFileListPaths = (
				"${PODS_ROOT}/Target Support Files/Pods-ShoppingApp-ShoppingAppUITests/Pods-ShoppingApp-ShoppingAppUITests-frameworks-${CONFIGURATION}-input-files.xcfilelist",
			);
			name = "[CP] Embed Pods Frameworks";
			outputFileListPaths = (
				"${PODS_ROOT}/Target Support Files/Pods-ShoppingApp-ShoppingAppUITests/Pods-ShoppingApp-ShoppingAppUITests-frameworks-${CONFIGURATION}-output-files.xcfilelist",
			);
			runOnlyForDeploymentPostprocessing = 0;
			shellPath = /bin/sh;
			shellScript = "\"${PODS_ROOT}/Target Support Files/Pods-ShoppingApp-ShoppingAppUITests/Pods-ShoppingApp-ShoppingAppUITests-frameworks.sh\"\n";
			showEnvVarsInLog = 0;
		};
		3B7F3704851C71BFCE2B6D61 /* [CP] Check Pods Manifest.lock */ = {
			isa = PBXShellScriptBuildPhase;
			buildActionMask = 2147483647;
			files = (
			);
			inputFileListPaths = (
			);
			inputPaths = (
				"${PODS_PODFILE_DIR_PATH}/Podfile.lock",
				"${PODS_ROOT}/Manifest.lock",
			);
			name = "[CP] Check Pods Manifest.lock";
			outputFileListPaths = (
			);
			outputPaths = (
				"$(DERIVED_FILE_DIR)/Pods-ShoppingApp-checkManifestLockResult.txt",
			);
			runOnlyForDeploymentPostprocessing = 0;
			shellPath = /bin/sh;
			shellScript = "diff \"${PODS_PODFILE_DIR_PATH}/Podfile.lock\" \"${PODS_ROOT}/Manifest.lock\" > /dev/null\nif [ $? != 0 ] ; then\n    # print error to STDERR\n    echo \"error: The sandbox is not in sync with the Podfile.lock. Run 'pod install' or update your CocoaPods installation.\" >&2\n    exit 1\nfi\n# This output is used by Xcode 'outputs' to avoid re-running this script phase.\necho \"SUCCESS\" > \"${SCRIPT_OUTPUT_FILE_0}\"\n";
			showEnvVarsInLog = 0;
		};
		9BE275EC2C0FD21328651273 /* [CP] Check Pods Manifest.lock */ = {
			isa = PBXShellScriptBuildPhase;
			buildActionMask = 2147483647;
			files = (
			);
			inputFileListPaths = (
			);
			inputPaths = (
				"${PODS_PODFILE_DIR_PATH}/Podfile.lock",
				"${PODS_ROOT}/Manifest.lock",
			);
			name = "[CP] Check Pods Manifest.lock";
			outputFileListPaths = (
			);
			outputPaths = (
				"$(DERIVED_FILE_DIR)/Pods-ShoppingApp-ShoppingAppUITests-checkManifestLockResult.txt",
			);
			runOnlyForDeploymentPostprocessing = 0;
			shellPath = /bin/sh;
			shellScript = "diff \"${PODS_PODFILE_DIR_PATH}/Podfile.lock\" \"${PODS_ROOT}/Manifest.lock\" > /dev/null\nif [ $? != 0 ] ; then\n    # print error to STDERR\n    echo \"error: The sandbox is not in sync with the Podfile.lock. Run 'pod install' or update your CocoaPods installation.\" >&2\n    exit 1\nfi\n# This output is used by Xcode 'outputs' to avoid re-running this script phase.\necho \"SUCCESS\" > \"${SCRIPT_OUTPUT_FILE_0}\"\n";
			showEnvVarsInLog = 0;
		};
		AC8A241A5BB0438E92D503AE /* [CP] Embed Pods Frameworks */ = {
			isa = PBXShellScriptBuildPhase;
			buildActionMask = 2147483647;
			files = (
			);
			inputFileListPaths = (
				"${PODS_ROOT}/Target Support Files/Pods-ShoppingApp/Pods-ShoppingApp-frameworks-${CONFIGURATION}-input-files.xcfilelist",
			);
			name = "[CP] Embed Pods Frameworks";
			outputFileListPaths = (
				"${PODS_ROOT}/Target Support Files/Pods-ShoppingApp/Pods-ShoppingApp-frameworks-${CONFIGURATION}-output-files.xcfilelist",
			);
			runOnlyForDeploymentPostprocessing = 0;
			shellPath = /bin/sh;
			shellScript = "\"${PODS_ROOT}/Target Support Files/Pods-ShoppingApp/Pods-ShoppingApp-frameworks.sh\"\n";
			showEnvVarsInLog = 0;
		};
/* End PBXShellScriptBuildPhase section */

/* Begin PBXSourcesBuildPhase section */
		CC519FD9285F8A1800AB8F8E /* Sources */ = {
			isa = PBXSourcesBuildPhase;
			buildActionMask = 2147483647;
			files = (
				CC51A023285F8A5800AB8F8E /* BannerCollectionViewCell.swift in Sources */,
				CC51A028285F8A6600AB8F8E /* HomeViewModel.swift in Sources */,
				CC51A032285F8A9F00AB8F8E /* HomeAPIRouter.swift in Sources */,
				CC519FE5285F8A1800AB8F8E /* ViewController.swift in Sources */,
				CC51A02C285F8A8B00AB8F8E /* NetworkManager.swift in Sources */,
				CC51A02A285F8A7700AB8F8E /* FDErrror.swift in Sources */,
				CC51A036285F8C8900AB8F8E /* UserValues.swift in Sources */,
				CC51A01E285F8A5800AB8F8E /* ProductsCollectionViewCell.swift in Sources */,
				CC519FE1285F8A1800AB8F8E /* AppDelegate.swift in Sources */,
				CC51A02E285F8A9300AB8F8E /* APIRouter.swift in Sources */,
				CC51A030285F8A9A00AB8F8E /* Reachability.swift in Sources */,
				CC51A022285F8A5800AB8F8E /* HomeViewController.swift in Sources */,
				CC519FE3285F8A1800AB8F8E /* SceneDelegate.swift in Sources */,
				CC51A011285F8A4D00AB8F8E /* Model.swift in Sources */,
				CC51A020285F8A5800AB8F8E /* CategoryCell.swift in Sources */,
			);
			runOnlyForDeploymentPostprocessing = 0;
		};
		CC519FEF285F8A1A00AB8F8E /* Sources */ = {
			isa = PBXSourcesBuildPhase;
			buildActionMask = 2147483647;
			files = (
				CC519FF8285F8A1A00AB8F8E /* ShoppingAppTests.swift in Sources */,
			);
			runOnlyForDeploymentPostprocessing = 0;
		};
		CC519FF9285F8A1A00AB8F8E /* Sources */ = {
			isa = PBXSourcesBuildPhase;
			buildActionMask = 2147483647;
			files = (
				CC51A004285F8A1A00AB8F8E /* ShoppingAppUITestsLaunchTests.swift in Sources */,
				CC51A002285F8A1A00AB8F8E /* ShoppingAppUITests.swift in Sources */,
			);
			runOnlyForDeploymentPostprocessing = 0;
		};
/* End PBXSourcesBuildPhase section */

/* Begin PBXTargetDependency section */
		CC519FF5285F8A1A00AB8F8E /* PBXTargetDependency */ = {
			isa = PBXTargetDependency;
			target = CC519FDC285F8A1800AB8F8E /* ShoppingApp */;
			targetProxy = CC519FF4285F8A1A00AB8F8E /* PBXContainerItemProxy */;
		};
		CC519FFF285F8A1A00AB8F8E /* PBXTargetDependency */ = {
			isa = PBXTargetDependency;
			target = CC519FDC285F8A1800AB8F8E /* ShoppingApp */;
			targetProxy = CC519FFE285F8A1A00AB8F8E /* PBXContainerItemProxy */;
		};
/* End PBXTargetDependency section */

/* Begin PBXVariantGroup section */
		CC519FEB285F8A1A00AB8F8E /* LaunchScreen.storyboard */ = {
			isa = PBXVariantGroup;
			children = (
				CC519FEC285F8A1A00AB8F8E /* Base */,
			);
			name = LaunchScreen.storyboard;
			sourceTree = "<group>";
		};
/* End PBXVariantGroup section */

/* Begin XCBuildConfiguration section */
		CC51A005285F8A1A00AB8F8E /* Debug */ = {
			isa = XCBuildConfiguration;
			buildSettings = {
				ALWAYS_SEARCH_USER_PATHS = NO;
				CLANG_ANALYZER_NONNULL = YES;
				CLANG_ANALYZER_NUMBER_OBJECT_CONVERSION = YES_AGGRESSIVE;
				CLANG_CXX_LANGUAGE_STANDARD = "gnu++17";
				CLANG_ENABLE_MODULES = YES;
				CLANG_ENABLE_OBJC_ARC = YES;
				CLANG_ENABLE_OBJC_WEAK = YES;
				CLANG_WARN_BLOCK_CAPTURE_AUTORELEASING = YES;
				CLANG_WARN_BOOL_CONVERSION = YES;
				CLANG_WARN_COMMA = YES;
				CLANG_WARN_CONSTANT_CONVERSION = YES;
				CLANG_WARN_DEPRECATED_OBJC_IMPLEMENTATIONS = YES;
				CLANG_WARN_DIRECT_OBJC_ISA_USAGE = YES_ERROR;
				CLANG_WARN_DOCUMENTATION_COMMENTS = YES;
				CLANG_WARN_EMPTY_BODY = YES;
				CLANG_WARN_ENUM_CONVERSION = YES;
				CLANG_WARN_INFINITE_RECURSION = YES;
				CLANG_WARN_INT_CONVERSION = YES;
				CLANG_WARN_NON_LITERAL_NULL_CONVERSION = YES;
				CLANG_WARN_OBJC_IMPLICIT_RETAIN_SELF = YES;
				CLANG_WARN_OBJC_LITERAL_CONVERSION = YES;
				CLANG_WARN_OBJC_ROOT_CLASS = YES_ERROR;
				CLANG_WARN_QUOTED_INCLUDE_IN_FRAMEWORK_HEADER = YES;
				CLANG_WARN_RANGE_LOOP_ANALYSIS = YES;
				CLANG_WARN_STRICT_PROTOTYPES = YES;
				CLANG_WARN_SUSPICIOUS_MOVE = YES;
				CLANG_WARN_UNGUARDED_AVAILABILITY = YES_AGGRESSIVE;
				CLANG_WARN_UNREACHABLE_CODE = YES;
				CLANG_WARN__DUPLICATE_METHOD_MATCH = YES;
				COPY_PHASE_STRIP = NO;
				DEBUG_INFORMATION_FORMAT = dwarf;
				ENABLE_STRICT_OBJC_MSGSEND = YES;
				ENABLE_TESTABILITY = YES;
				GCC_C_LANGUAGE_STANDARD = gnu11;
				GCC_DYNAMIC_NO_PIC = NO;
				GCC_NO_COMMON_BLOCKS = YES;
				GCC_OPTIMIZATION_LEVEL = 0;
				GCC_PREPROCESSOR_DEFINITIONS = (
					"DEBUG=1",
					"$(inherited)",
				);
				GCC_WARN_64_TO_32_BIT_CONVERSION = YES;
				GCC_WARN_ABOUT_RETURN_TYPE = YES_ERROR;
				GCC_WARN_UNDECLARED_SELECTOR = YES;
				GCC_WARN_UNINITIALIZED_AUTOS = YES_AGGRESSIVE;
				GCC_WARN_UNUSED_FUNCTION = YES;
				GCC_WARN_UNUSED_VARIABLE = YES;
				IPHONEOS_DEPLOYMENT_TARGET = 15.4;
				MTL_ENABLE_DEBUG_INFO = INCLUDE_SOURCE;
				MTL_FAST_MATH = YES;
				ONLY_ACTIVE_ARCH = YES;
				SDKROOT = iphoneos;
				SWIFT_ACTIVE_COMPILATION_CONDITIONS = DEBUG;
				SWIFT_OPTIMIZATION_LEVEL = "-Onone";
			};
			name = Debug;
		};
		CC51A006285F8A1A00AB8F8E /* Release */ = {
			isa = XCBuildConfiguration;
			buildSettings = {
				ALWAYS_SEARCH_USER_PATHS = NO;
				CLANG_ANALYZER_NONNULL = YES;
				CLANG_ANALYZER_NUMBER_OBJECT_CONVERSION = YES_AGGRESSIVE;
				CLANG_CXX_LANGUAGE_STANDARD = "gnu++17";
				CLANG_ENABLE_MODULES = YES;
				CLANG_ENABLE_OBJC_ARC = YES;
				CLANG_ENABLE_OBJC_WEAK = YES;
				CLANG_WARN_BLOCK_CAPTURE_AUTORELEASING = YES;
				CLANG_WARN_BOOL_CONVERSION = YES;
				CLANG_WARN_COMMA = YES;
				CLANG_WARN_CONSTANT_CONVERSION = YES;
				CLANG_WARN_DEPRECATED_OBJC_IMPLEMENTATIONS = YES;
				CLANG_WARN_DIRECT_OBJC_ISA_USAGE = YES_ERROR;
				CLANG_WARN_DOCUMENTATION_COMMENTS = YES;
				CLANG_WARN_EMPTY_BODY = YES;
				CLANG_WARN_ENUM_CONVERSION = YES;
				CLANG_WARN_INFINITE_RECURSION = YES;
				CLANG_WARN_INT_CONVERSION = YES;
				CLANG_WARN_NON_LITERAL_NULL_CONVERSION = YES;
				CLANG_WARN_OBJC_IMPLICIT_RETAIN_SELF = YES;
				CLANG_WARN_OBJC_LITERAL_CONVERSION = YES;
				CLANG_WARN_OBJC_ROOT_CLASS = YES_ERROR;
				CLANG_WARN_QUOTED_INCLUDE_IN_FRAMEWORK_HEADER = YES;
				CLANG_WARN_RANGE_LOOP_ANALYSIS = YES;
				CLANG_WARN_STRICT_PROTOTYPES = YES;
				CLANG_WARN_SUSPICIOUS_MOVE = YES;
				CLANG_WARN_UNGUARDED_AVAILABILITY = YES_AGGRESSIVE;
				CLANG_WARN_UNREACHABLE_CODE = YES;
				CLANG_WARN__DUPLICATE_METHOD_MATCH = YES;
				COPY_PHASE_STRIP = NO;
				DEBUG_INFORMATION_FORMAT = "dwarf-with-dsym";
				ENABLE_NS_ASSERTIONS = NO;
				ENABLE_STRICT_OBJC_MSGSEND = YES;
				GCC_C_LANGUAGE_STANDARD = gnu11;
				GCC_NO_COMMON_BLOCKS = YES;
				GCC_WARN_64_TO_32_BIT_CONVERSION = YES;
				GCC_WARN_ABOUT_RETURN_TYPE = YES_ERROR;
				GCC_WARN_UNDECLARED_SELECTOR = YES;
				GCC_WARN_UNINITIALIZED_AUTOS = YES_AGGRESSIVE;
				GCC_WARN_UNUSED_FUNCTION = YES;
				GCC_WARN_UNUSED_VARIABLE = YES;
				IPHONEOS_DEPLOYMENT_TARGET = 15.4;
				MTL_ENABLE_DEBUG_INFO = NO;
				MTL_FAST_MATH = YES;
				SDKROOT = iphoneos;
				SWIFT_COMPILATION_MODE = wholemodule;
				SWIFT_OPTIMIZATION_LEVEL = "-O";
				VALIDATE_PRODUCT = YES;
			};
			name = Release;
		};
		CC51A008285F8A1A00AB8F8E /* Debug */ = {
			isa = XCBuildConfiguration;
			baseConfigurationReference = F0C6738F179A7F8571427B8D /* Pods-ShoppingApp.debug.xcconfig */;
			buildSettings = {
				ASSETCATALOG_COMPILER_APPICON_NAME = AppIcon;
				ASSETCATALOG_COMPILER_GLOBAL_ACCENT_COLOR_NAME = AccentColor;
				CODE_SIGN_STYLE = Automatic;
				CURRENT_PROJECT_VERSION = 1;
				DEVELOPMENT_TEAM = 53D24XF7GL;
				GENERATE_INFOPLIST_FILE = YES;
				INFOPLIST_FILE = ShoppingApp/Info.plist;
				INFOPLIST_KEY_UIApplicationSupportsIndirectInputEvents = YES;
				INFOPLIST_KEY_UILaunchStoryboardName = LaunchScreen;
				INFOPLIST_KEY_UIMainStoryboardFile = Main;
				INFOPLIST_KEY_UISupportedInterfaceOrientations_iPad = "UIInterfaceOrientationPortrait UIInterfaceOrientationPortraitUpsideDown UIInterfaceOrientationLandscapeLeft UIInterfaceOrientationLandscapeRight";
				INFOPLIST_KEY_UISupportedInterfaceOrientations_iPhone = "UIInterfaceOrientationPortrait UIInterfaceOrientationLandscapeLeft UIInterfaceOrientationLandscapeRight";
				LD_RUNPATH_SEARCH_PATHS = (
					"$(inherited)",
					"@executable_path/Frameworks",
				);
				MARKETING_VERSION = 1.0;
				PRODUCT_BUNDLE_IDENTIFIER = ShoppingApp.ShoppingApp;
				PRODUCT_NAME = "$(TARGET_NAME)";
				SWIFT_EMIT_LOC_STRINGS = YES;
				SWIFT_VERSION = 5.0;
				TARGETED_DEVICE_FAMILY = "1,2";
			};
			name = Debug;
		};
		CC51A009285F8A1A00AB8F8E /* Release */ = {
			isa = XCBuildConfiguration;
			baseConfigurationReference = B57F6BB6E7B203925AE2ED67 /* Pods-ShoppingApp.release.xcconfig */;
			buildSettings = {
				ASSETCATALOG_COMPILER_APPICON_NAME = AppIcon;
				ASSETCATALOG_COMPILER_GLOBAL_ACCENT_COLOR_NAME = AccentColor;
				CODE_SIGN_STYLE = Automatic;
				CURRENT_PROJECT_VERSION = 1;
				DEVELOPMENT_TEAM = 53D24XF7GL;
				GENERATE_INFOPLIST_FILE = YES;
				INFOPLIST_FILE = ShoppingApp/Info.plist;
				INFOPLIST_KEY_UIApplicationSupportsIndirectInputEvents = YES;
				INFOPLIST_KEY_UILaunchStoryboardName = LaunchScreen;
				INFOPLIST_KEY_UIMainStoryboardFile = Main;
				INFOPLIST_KEY_UISupportedInterfaceOrientations_iPad = "UIInterfaceOrientationPortrait UIInterfaceOrientationPortraitUpsideDown UIInterfaceOrientationLandscapeLeft UIInterfaceOrientationLandscapeRight";
				INFOPLIST_KEY_UISupportedInterfaceOrientations_iPhone = "UIInterfaceOrientationPortrait UIInterfaceOrientationLandscapeLeft UIInterfaceOrientationLandscapeRight";
				LD_RUNPATH_SEARCH_PATHS = (
					"$(inherited)",
					"@executable_path/Frameworks",
				);
				MARKETING_VERSION = 1.0;
				PRODUCT_BUNDLE_IDENTIFIER = ShoppingApp.ShoppingApp;
				PRODUCT_NAME = "$(TARGET_NAME)";
				SWIFT_EMIT_LOC_STRINGS = YES;
				SWIFT_VERSION = 5.0;
				TARGETED_DEVICE_FAMILY = "1,2";
			};
			name = Release;
		};
		CC51A00B285F8A1A00AB8F8E /* Debug */ = {
			isa = XCBuildConfiguration;
			baseConfigurationReference = 0E7470601C90CB58A097E7CD /* Pods-ShoppingAppTests.debug.xcconfig */;
			buildSettings = {
				ALWAYS_EMBED_SWIFT_STANDARD_LIBRARIES = YES;
				BUNDLE_LOADER = "$(TEST_HOST)";
				CODE_SIGN_STYLE = Automatic;
				CURRENT_PROJECT_VERSION = 1;
				DEVELOPMENT_TEAM = 53D24XF7GL;
				GENERATE_INFOPLIST_FILE = YES;
				IPHONEOS_DEPLOYMENT_TARGET = 15.4;
				MARKETING_VERSION = 1.0;
				PRODUCT_BUNDLE_IDENTIFIER = ShoppingApp.ShoppingAppTests;
				PRODUCT_NAME = "$(TARGET_NAME)";
				SWIFT_EMIT_LOC_STRINGS = NO;
				SWIFT_VERSION = 5.0;
				TARGETED_DEVICE_FAMILY = "1,2";
				TEST_HOST = "$(BUILT_PRODUCTS_DIR)/ShoppingApp.app/ShoppingApp";
			};
			name = Debug;
		};
		CC51A00C285F8A1A00AB8F8E /* Release */ = {
			isa = XCBuildConfiguration;
			baseConfigurationReference = F1E18BC46230C20E935CC399 /* Pods-ShoppingAppTests.release.xcconfig */;
			buildSettings = {
				ALWAYS_EMBED_SWIFT_STANDARD_LIBRARIES = YES;
				BUNDLE_LOADER = "$(TEST_HOST)";
				CODE_SIGN_STYLE = Automatic;
				CURRENT_PROJECT_VERSION = 1;
				DEVELOPMENT_TEAM = 53D24XF7GL;
				GENERATE_INFOPLIST_FILE = YES;
				IPHONEOS_DEPLOYMENT_TARGET = 15.4;
				MARKETING_VERSION = 1.0;
				PRODUCT_BUNDLE_IDENTIFIER = ShoppingApp.ShoppingAppTests;
				PRODUCT_NAME = "$(TARGET_NAME)";
				SWIFT_EMIT_LOC_STRINGS = NO;
				SWIFT_VERSION = 5.0;
				TARGETED_DEVICE_FAMILY = "1,2";
				TEST_HOST = "$(BUILT_PRODUCTS_DIR)/ShoppingApp.app/ShoppingApp";
			};
			name = Release;
		};
		CC51A00E285F8A1A00AB8F8E /* Debug */ = {
			isa = XCBuildConfiguration;
			baseConfigurationReference = BC7074E64A60C3F1BF06165B /* Pods-ShoppingApp-ShoppingAppUITests.debug.xcconfig */;
			buildSettings = {
				ALWAYS_EMBED_SWIFT_STANDARD_LIBRARIES = YES;
				CODE_SIGN_STYLE = Automatic;
				CURRENT_PROJECT_VERSION = 1;
				DEVELOPMENT_TEAM = 53D24XF7GL;
				GENERATE_INFOPLIST_FILE = YES;
				MARKETING_VERSION = 1.0;
				PRODUCT_BUNDLE_IDENTIFIER = ShoppingApp.ShoppingAppUITests;
				PRODUCT_NAME = "$(TARGET_NAME)";
				SWIFT_EMIT_LOC_STRINGS = NO;
				SWIFT_VERSION = 5.0;
				TARGETED_DEVICE_FAMILY = "1,2";
				TEST_TARGET_NAME = ShoppingApp;
			};
			name = Debug;
		};
		CC51A00F285F8A1A00AB8F8E /* Release */ = {
			isa = XCBuildConfiguration;
			baseConfigurationReference = 816EFEE45F146F7EACA50B1D /* Pods-ShoppingApp-ShoppingAppUITests.release.xcconfig */;
			buildSettings = {
				ALWAYS_EMBED_SWIFT_STANDARD_LIBRARIES = YES;
				CODE_SIGN_STYLE = Automatic;
				CURRENT_PROJECT_VERSION = 1;
				DEVELOPMENT_TEAM = 53D24XF7GL;
				GENERATE_INFOPLIST_FILE = YES;
				MARKETING_VERSION = 1.0;
				PRODUCT_BUNDLE_IDENTIFIER = ShoppingApp.ShoppingAppUITests;
				PRODUCT_NAME = "$(TARGET_NAME)";
				SWIFT_EMIT_LOC_STRINGS = NO;
				SWIFT_VERSION = 5.0;
				TARGETED_DEVICE_FAMILY = "1,2";
				TEST_TARGET_NAME = ShoppingApp;
			};
			name = Release;
		};
/* End XCBuildConfiguration section */

/* Begin XCConfigurationList section */
		CC519FD8285F8A1800AB8F8E /* Build configuration list for PBXProject "ShoppingApp" */ = {
			isa = XCConfigurationList;
			buildConfigurations = (
				CC51A005285F8A1A00AB8F8E /* Debug */,
				CC51A006285F8A1A00AB8F8E /* Release */,
			);
			defaultConfigurationIsVisible = 0;
			defaultConfigurationName = Release;
		};
		CC51A007285F8A1A00AB8F8E /* Build configuration list for PBXNativeTarget "ShoppingApp" */ = {
			isa = XCConfigurationList;
			buildConfigurations = (
				CC51A008285F8A1A00AB8F8E /* Debug */,
				CC51A009285F8A1A00AB8F8E /* Release */,
			);
			defaultConfigurationIsVisible = 0;
			defaultConfigurationName = Release;
		};
		CC51A00A285F8A1A00AB8F8E /* Build configuration list for PBXNativeTarget "ShoppingAppTests" */ = {
			isa = XCConfigurationList;
			buildConfigurations = (
				CC51A00B285F8A1A00AB8F8E /* Debug */,
				CC51A00C285F8A1A00AB8F8E /* Release */,
			);
			defaultConfigurationIsVisible = 0;
			defaultConfigurationName = Release;
		};
		CC51A00D285F8A1A00AB8F8E /* Build configuration list for PBXNativeTarget "ShoppingAppUITests" */ = {
			isa = XCConfigurationList;
			buildConfigurations = (
				CC51A00E285F8A1A00AB8F8E /* Debug */,
				CC51A00F285F8A1A00AB8F8E /* Release */,
			);
			defaultConfigurationIsVisible = 0;
			defaultConfigurationName = Release;
		};
/* End XCConfigurationList section */
	};
	rootObject = CC519FD5285F8A1800AB8F8E /* Project object */;
}
